{
    "version": "0.5",
    "requires": [
        "zlib-ng/2.3.3#633c4c13fb894b449e8ce41d054408b2%1770198375.959",
        "onetbb/2022.3.0#a3f4c518f885f45432b8955142e08db0%1769010593.718",
        "hwloc/2.12.2#81314118300a8ee69b352f2d1b21d9d7%1769010591.083",
        "gtest/1.17.0#5224b3b3ff3b4ce1133cbdd27d53ee7d%1755784855.585",
        "fmt/12.1.0#50abab23274d56bb8f42c94b3b9a40c7%1761885265.231",
        "cxxopts/3.3.1#047ef7b8ae49e0d48a1450f4522dc041%1748330656.693"
    ],
    "build_requires": [
        "pkgconf/2.1.0#27f44583701117b571307cf5b5fe5605%1701537936.436",
        "ninja/1.13.1#294f8721dbcde145674f7ba44994700e%1753400352.374",
        "meson/1.2.2#21b73818ba96d9eea465b310b5bbc993%1726730120.212",
        "cmake/4.0.3#95907e383685c6d282821fd474aba76b%1750094039.673"
    ],
    "python_requires": [],
    "config_requires": []
}
